
Microsoft Visual Studio Solution File, Format Version 12.00
# Visual Studio Version 16
VisualStudioVersion = 16.0.29209.62
MinimumVisualStudioVersion = 10.0.40219.1
Project("{FAE04EC0-301F-11D3-BF4B-00C04F79EFBC}") = "Login.Android", "Login.Android\Login.Android.csproj", "{F48D6CF0-5545-4FAF-8436-ACCD3D424D4A}"
EndProject
Project("{FAE04EC0-301F-11D3-BF4B-00C04F79EFBC}") = "Login.iOS", "Login.iOS\Login.iOS.csproj", "{F70DA222-5A71-4BC5-AD67-74727BAA95DC}"
EndProject
Project("{FAE04EC0-301F-11D3-BF4B-00C04F79EFBC}") = "Login", "Login\Login.csproj", "{AF2FAE59-D9D8-4EE6-A439-EE60851CAFCC}"
EndProject
Global
	GlobalSection(SolutionConfigurationPlatforms) = preSolution
		Debug|Any CPU = Debug|Any CPU
		Debug|iPhone = Debug|iPhone
		Debug|iPhoneSimulator = Debug|iPhoneSimulator
		Release|Any CPU = Release|Any CPU
		Release|iPhone = Release|iPhone
		Release|iPhoneSimulator = Release|iPhoneSimulator
	EndGlobalSection
	GlobalSection(ProjectConfigurationPlatforms) = postSolution
		{F48D6CF0-5545-4FAF-8436-ACCD3D424D4A}.Debug|Any CPU.ActiveCfg = Debug|Any CPU
		{F48D6CF0-5545-4FAF-8436-ACCD3D424D4A}.Debug|Any CPU.Build.0 = Debug|Any CPU
		{F48D6CF0-5545-4FAF-8436-ACCD3D424D4A}.Debug|Any CPU.Deploy.0 = Debug|Any CPU
		{F48D6CF0-5545-4FAF-8436-ACCD3D424D4A}.Debug|iPhone.ActiveCfg = Debug|Any CPU
		{F48D6CF0-5545-4FAF-8436-ACCD3D424D4A}.Debug|iPhone.Build.0 = Debug|Any CPU
		{F48D6CF0-5545-4FAF-8436-ACCD3D424D4A}.Debug|iPhone.Deploy.0 = Debug|Any CPU
		{F48D6CF0-5545-4FAF-8436-ACCD3D424D4A}.Debug|iPhoneSimulator.ActiveCfg = Debug|Any CPU
		{F48D6CF0-5545-4FAF-8436-ACCD3D424D4A}.Debug|iPhoneSimulator.Build.0 = Debug|Any CPU
		{F48D6CF0-5545-4FAF-8436-ACCD3D424D4A}.Debug|iPhoneSimulator.Deploy.0 = Debug|Any CPU
		{F48D6CF0-5545-4FAF-8436-ACCD3D424D4A}.Release|Any CPU.ActiveCfg = Release|Any CPU
		{F48D6CF0-5545-4FAF-8436-ACCD3D424D4A}.Release|Any CPU.Build.0 = Release|Any CPU
		{F48D6CF0-5545-4FAF-8436-ACCD3D424D4A}.Release|Any CPU.Deploy.0 = Release|Any CPU
		{F48D6CF0-5545-4FAF-8436-ACCD3D424D4A}.Release|iPhone.ActiveCfg = Release|Any CPU
		{F48D6CF0-5545-4FAF-8436-ACCD3D424D4A}.Release|iPhone.Build.0 = Release|Any CPU
		{F48D6CF0-5545-4FAF-8436-ACCD3D424D4A}.Release|iPhone.Deploy.0 = Release|Any CPU
		{F48D6CF0-5545-4FAF-8436-ACCD3D424D4A}.Release|iPhoneSimulator.ActiveCfg = Release|Any CPU
		{F48D6CF0-5545-4FAF-8436-ACCD3D424D4A}.Release|iPhoneSimulator.Build.0 = Release|Any CPU
		{F48D6CF0-5545-4FAF-8436-ACCD3D424D4A}.Release|iPhoneSimulator.Deploy.0 = Release|Any CPU
		{F70DA222-5A71-4BC5-AD67-74727BAA95DC}.Debug|Any CPU.ActiveCfg = Debug|iPhoneSimulator
		{F70DA222-5A71-4BC5-AD67-74727BAA95DC}.Debug|Any CPU.Build.0 = Debug|iPhoneSimulator
		{F70DA222-5A71-4BC5-AD67-74727BAA95DC}.Debug|Any CPU.Deploy.0 = Debug|iPhoneSimulator
		{F70DA222-5A71-4BC5-AD67-74727BAA95DC}.Debug|iPhone.ActiveCfg = Debug|iPhone
		{F70DA222-5A71-4BC5-AD67-74727BAA95DC}.Debug|iPhone.Build.0 = Debug|iPhone
		{F70DA222-5A71-4BC5-AD67-74727BAA95DC}.Debug|iPhone.Deploy.0 = Debug|iPhone
		{F70DA222-5A71-4BC5-AD67-74727BAA95DC}.Debug|iPhoneSimulator.ActiveCfg = Debug|iPhoneSimulator
		{F70DA222-5A71-4BC5-AD67-74727BAA95DC}.Debug|iPhoneSimulator.Build.0 = Debug|iPhoneSimulator
		{F70DA222-5A71-4BC5-AD67-74727BAA95DC}.Debug|iPhoneSimulator.Deploy.0 = Debug|iPhoneSimulator
		{F70DA222-5A71-4BC5-AD67-74727BAA95DC}.Release|Any CPU.ActiveCfg = Release|iPhone
		{F70DA222-5A71-4BC5-AD67-74727BAA95DC}.Release|Any CPU.Build.0 = Release|iPhone
		{F70DA222-5A71-4BC5-AD67-74727BAA95DC}.Release|Any CPU.Deploy.0 = Release|iPhone
		{F70DA222-5A71-4BC5-AD67-74727BAA95DC}.Release|iPhone.ActiveCfg = Release|iPhone
		{F70DA222-5A71-4BC5-AD67-74727BAA95DC}.Release|iPhone.Build.0 = Release|iPhone
		{F70DA222-5A71-4BC5-AD67-74727BAA95DC}.Release|iPhone.Deploy.0 = Release|iPhone
		{F70DA222-5A71-4BC5-AD67-74727BAA95DC}.Release|iPhoneSimulator.ActiveCfg = Release|iPhoneSimulator
		{F70DA222-5A71-4BC5-AD67-74727BAA95DC}.Release|iPhoneSimulator.Build.0 = Release|iPhoneSimulator
		{F70DA222-5A71-4BC5-AD67-74727BAA95DC}.Release|iPhoneSimulator.Deploy.0 = Release|iPhoneSimulator
		{AF2FAE59-D9D8-4EE6-A439-EE60851CAFCC}.Debug|Any CPU.ActiveCfg = Debug|Any CPU
		{AF2FAE59-D9D8-4EE6-A439-EE60851CAFCC}.Debug|Any CPU.Build.0 = Debug|Any CPU
		{AF2FAE59-D9D8-4EE6-A439-EE60851CAFCC}.Debug|Any CPU.Deploy.0 = Debug|Any CPU
		{AF2FAE59-D9D8-4EE6-A439-EE60851CAFCC}.Debug|iPhone.ActiveCfg = Debug|Any CPU
		{AF2FAE59-D9D8-4EE6-A439-EE60851CAFCC}.Debug|iPhone.Build.0 = Debug|Any CPU
		{AF2FAE59-D9D8-4EE6-A439-EE60851CAFCC}.Debug|iPhone.Deploy.0 = Debug|Any CPU
		{AF2FAE59-D9D8-4EE6-A439-EE60851CAFCC}.Debug|iPhoneSimulator.ActiveCfg = Debug|Any CPU
		{AF2FAE59-D9D8-4EE6-A439-EE60851CAFCC}.Debug|iPhoneSimulator.Build.0 = Debug|Any CPU
		{AF2FAE59-D9D8-4EE6-A439-EE60851CAFCC}.Debug|iPhoneSimulator.Deploy.0 = Debug|Any CPU
		{AF2FAE59-D9D8-4EE6-A439-EE60851CAFCC}.Release|Any CPU.ActiveCfg = Release|Any CPU
		{AF2FAE59-D9D8-4EE6-A439-EE60851CAFCC}.Release|Any CPU.Build.0 = Release|Any CPU
		{AF2FAE59-D9D8-4EE6-A439-EE60851CAFCC}.Release|Any CPU.Deploy.0 = Release|Any CPU
		{AF2FAE59-D9D8-4EE6-A439-EE60851CAFCC}.Release|iPhone.ActiveCfg = Release|Any CPU
		{AF2FAE59-D9D8-4EE6-A439-EE60851CAFCC}.Release|iPhone.Build.0 = Release|Any CPU
		{AF2FAE59-D9D8-4EE6-A439-EE60851CAFCC}.Release|iPhone.Deploy.0 = Release|Any CPU
		{AF2FAE59-D9D8-4EE6-A439-EE60851CAFCC}.Release|iPhoneSimulator.ActiveCfg = Release|Any CPU
		{AF2FAE59-D9D8-4EE6-A439-EE60851CAFCC}.Release|iPhoneSimulator.Build.0 = Release|Any CPU
		{AF2FAE59-D9D8-4EE6-A439-EE60851CAFCC}.Release|iPhoneSimulator.Deploy.0 = Release|Any CPU
	EndGlobalSection
	GlobalSection(SolutionProperties) = preSolution
		HideSolutionNode = FALSE
	EndGlobalSection
	GlobalSection(ExtensibilityGlobals) = postSolution
		SolutionGuid = {C9FD3353-6899-48DE-ACF0-995FCBEAD49E}
	EndGlobalSection
EndGlobal
